// !$*UTF8*$!
{
	archiveVersion = 1;
	classes = {
	};
	objectVersion = 56;
	objects = {

/* Begin PBXBuildFile section */
		4EAD7F2C2986FC1C00B2D0B2 /* CleanArchitectureApp.swift in Sources */ = {isa = PBXBuildFile; fileRef = 4EAD7F2B2986FC1C00B2D0B2 /* CleanArchitectureApp.swift */; };
		4EAD7F2E2986FC1C00B2D0B2 /* ContentView.swift in Sources */ = {isa = PBXBuildFile; fileRef = 4EAD7F2D2986FC1C00B2D0B2 /* ContentView.swift */; };
		4EAD7F302986FC1C00B2D0B2 /* Assets.xcassets in Resources */ = {isa = PBXBuildFile; fileRef = 4EAD7F2F2986FC1C00B2D0B2 /* Assets.xcassets */; };
		4EAD7F332986FC1C00B2D0B2 /* Preview Assets.xcassets in Resources */ = {isa = PBXBuildFile; fileRef = 4EAD7F322986FC1C00B2D0B2 /* Preview Assets.xcassets */; };
		4EAD7F3D2986FCA900B2D0B2 /* NewsModel.swift in Sources */ = {isa = PBXBuildFile; fileRef = 4EAD7F3C2986FCA900B2D0B2 /* NewsModel.swift */; };
		4EAD7F412986FCFD00B2D0B2 /* NewsServiceImp.swift in Sources */ = {isa = PBXBuildFile; fileRef = 4EAD7F402986FCFD00B2D0B2 /* NewsServiceImp.swift */; };
		4EAD7F442986FE3700B2D0B2 /* NewsService.swift in Sources */ = {isa = PBXBuildFile; fileRef = 4EAD7F432986FE3700B2D0B2 /* NewsService.swift */; };
		4EAD7F472986FFCA00B2D0B2 /* Components.swift in Sources */ = {isa = PBXBuildFile; fileRef = 4EAD7F462986FFCA00B2D0B2 /* Components.swift */; };
		4EAD7F4C2987001C00B2D0B2 /* NewsEntity.swift in Sources */ = {isa = PBXBuildFile; fileRef = 4EAD7F4B2987001C00B2D0B2 /* NewsEntity.swift */; };
		4EAD7F4E2987002E00B2D0B2 /* NewsRepository.swift in Sources */ = {isa = PBXBuildFile; fileRef = 4EAD7F4D2987002E00B2D0B2 /* NewsRepository.swift */; };
		4EAD7F502987003E00B2D0B2 /* NewsUsecase.swift in Sources */ = {isa = PBXBuildFile; fileRef = 4EAD7F4F2987003E00B2D0B2 /* NewsUsecase.swift */; };
		4EAD7F58298700B700B2D0B2 /* HomeView.swift in Sources */ = {isa = PBXBuildFile; fileRef = 4EAD7F57298700B700B2D0B2 /* HomeView.swift */; };
		4EAD7F5A298701DB00B2D0B2 /* NewsController.swift in Sources */ = {isa = PBXBuildFile; fileRef = 4EAD7F59298701DB00B2D0B2 /* NewsController.swift */; };
/* End PBXBuildFile section */

/* Begin PBXFileReference section */
		4EAD7F282986FC1C00B2D0B2 /* CleanArchitecture.app */ = {isa = PBXFileReference; explicitFileType = wrapper.application; includeInIndex = 0; path = CleanArchitecture.app; sourceTree = BUILT_PRODUCTS_DIR; };
		4EAD7F2B2986FC1C00B2D0B2 /* CleanArchitectureApp.swift */ = {isa = PBXFileReference; lastKnownFileType = sourcecode.swift; path = CleanArchitectureApp.swift; sourceTree = "<group>"; };
		4EAD7F2D2986FC1C00B2D0B2 /* ContentView.swift */ = {isa = PBXFileReference; lastKnownFileType = sourcecode.swift; path = ContentView.swift; sourceTree = "<group>"; };
		4EAD7F2F2986FC1C00B2D0B2 /* Assets.xcassets */ = {isa = PBXFileReference; lastKnownFileType = folder.assetcatalog; path = Assets.xcassets; sourceTree = "<group>"; };
		4EAD7F322986FC1C00B2D0B2 /* Preview Assets.xcassets */ = {isa = PBXFileReference; lastKnownFileType = folder.assetcatalog; path = "Preview Assets.xcassets"; sourceTree = "<group>"; };
		4EAD7F3C2986FCA900B2D0B2 /* NewsModel.swift */ = {isa = PBXFileReference; lastKnownFileType = sourcecode.swift; path = NewsModel.swift; sourceTree = "<group>"; };
		4EAD7F402986FCFD00B2D0B2 /* NewsServiceImp.swift */ = {isa = PBXFileReference; lastKnownFileType = sourcecode.swift; path = NewsServiceImp.swift; sourceTree = "<group>"; };
		4EAD7F432986FE3700B2D0B2 /* NewsService.swift */ = {isa = PBXFileReference; lastKnownFileType = sourcecode.swift; path = NewsService.swift; sourceTree = "<group>"; };
		4EAD7F462986FFCA00B2D0B2 /* Components.swift */ = {isa = PBXFileReference; lastKnownFileType = sourcecode.swift; path = Components.swift; sourceTree = "<group>"; };
		4EAD7F4B2987001C00B2D0B2 /* NewsEntity.swift */ = {isa = PBXFileReference; lastKnownFileType = sourcecode.swift; path = NewsEntity.swift; sourceTree = "<group>"; };
		4EAD7F4D2987002E00B2D0B2 /* NewsRepository.swift */ = {isa = PBXFileReference; lastKnownFileType = sourcecode.swift; path = NewsRepository.swift; sourceTree = "<group>"; };
		4EAD7F4F2987003E00B2D0B2 /* NewsUsecase.swift */ = {isa = PBXFileReference; lastKnownFileType = sourcecode.swift; path = NewsUsecase.swift; sourceTree = "<group>"; };
		4EAD7F57298700B700B2D0B2 /* HomeView.swift */ = {isa = PBXFileReference; lastKnownFileType = sourcecode.swift; path = HomeView.swift; sourceTree = "<group>"; };
		4EAD7F59298701DB00B2D0B2 /* NewsController.swift */ = {isa = PBXFileReference; lastKnownFileType = sourcecode.swift; path = NewsController.swift; sourceTree = "<group>"; };
/* End PBXFileReference section */

/* Begin PBXFrameworksBuildPhase section */
		4EAD7F252986FC1C00B2D0B2 /* Frameworks */ = {
			isa = PBXFrameworksBuildPhase;
			buildActionMask = 2147483647;
			files = (
			);
			runOnlyForDeploymentPostprocessing = 0;
		};
/* End PBXFrameworksBuildPhase section */

/* Begin PBXGroup section */
		4EAD7F1F2986FC1C00B2D0B2 = {
			isa = PBXGroup;
			children = (
				4EAD7F2A2986FC1C00B2D0B2 /* CleanArchitecture */,
				4EAD7F292986FC1C00B2D0B2 /* Products */,
			);
			sourceTree = "<group>";
		};
		4EAD7F292986FC1C00B2D0B2 /* Products */ = {
			isa = PBXGroup;
			children = (
				4EAD7F282986FC1C00B2D0B2 /* CleanArchitecture.app */,
			);
			name = Products;
			sourceTree = "<group>";
		};
		4EAD7F2A2986FC1C00B2D0B2 /* CleanArchitecture */ = {
			isa = PBXGroup;
			children = (
				4EAD7F512987005400B2D0B2 /* Features */,
				4EAD7F392986FC5500B2D0B2 /* Core */,
				4EAD7F2B2986FC1C00B2D0B2 /* CleanArchitectureApp.swift */,
				4EAD7F2D2986FC1C00B2D0B2 /* ContentView.swift */,
				4EAD7F2F2986FC1C00B2D0B2 /* Assets.xcassets */,
				4EAD7F312986FC1C00B2D0B2 /* Preview Content */,
			);
			path = CleanArchitecture;
			sourceTree = "<group>";
		};
		4EAD7F312986FC1C00B2D0B2 /* Preview Content */ = {
			isa = PBXGroup;
			children = (
				4EAD7F322986FC1C00B2D0B2 /* Preview Assets.xcassets */,
			);
			path = "Preview Content";
			sourceTree = "<group>";
		};
		4EAD7F392986FC5500B2D0B2 /* Core */ = {
			isa = PBXGroup;
			children = (
				4EAD7F452986FFBC00B2D0B2 /* Components */,
			);
			path = Core;
			sourceTree = "<group>";
		};
		4EAD7F3A2986FC5E00B2D0B2 /* Data */ = {
			isa = PBXGroup;
			children = (
				4EAD7F422986FD0D00B2D0B2 /* Contracts */,
				4EAD7F3F2986FCE200B2D0B2 /* Services */,
				4EAD7F3E2986FCD600B2D0B2 /* Models */,
			);
			path = Data;
			sourceTree = "<group>";
		};
		4EAD7F3B2986FC6700B2D0B2 /* Domain */ = {
			isa = PBXGroup;
			children = (
				4EAD7F4A2987000900B2D0B2 /* Entities */,
				4EAD7F492986FFF400B2D0B2 /* Repository */,
				4EAD7F482986FFEC00B2D0B2 /* Usecases */,
			);
			path = Domain;
			sourceTree = "<group>";
		};
		4EAD7F3E2986FCD600B2D0B2 /* Models */ = {
			isa = PBXGroup;
			children = (
				4EAD7F3C2986FCA900B2D0B2 /* NewsModel.swift */,
			);
			path = Models;
			sourceTree = "<group>";
		};
		4EAD7F3F2986FCE200B2D0B2 /* Services */ = {
			isa = PBXGroup;
			children = (
				4EAD7F402986FCFD00B2D0B2 /* NewsServiceImp.swift */,
			);
			path = Services;
			sourceTree = "<group>";
		};
		4EAD7F422986FD0D00B2D0B2 /* Contracts */ = {
			isa = PBXGroup;
			children = (
				4EAD7F432986FE3700B2D0B2 /* NewsService.swift */,
			);
			path = Contracts;
			sourceTree = "<group>";
		};
		4EAD7F452986FFBC00B2D0B2 /* Components */ = {
			isa = PBXGroup;
			children = (
				4EAD7F462986FFCA00B2D0B2 /* Components.swift */,
			);
			path = Components;
			sourceTree = "<group>";
		};
		4EAD7F482986FFEC00B2D0B2 /* Usecases */ = {
			isa = PBXGroup;
			children = (
				4EAD7F4F2987003E00B2D0B2 /* NewsUsecase.swift */,
			);
			path = Usecases;
			sourceTree = "<group>";
		};
		4EAD7F492986FFF400B2D0B2 /* Repository */ = {
			isa = PBXGroup;
			children = (
				4EAD7F4D2987002E00B2D0B2 /* NewsRepository.swift */,
			);
			path = Repository;
			sourceTree = "<group>";
		};
		4EAD7F4A2987000900B2D0B2 /* Entities */ = {
			isa = PBXGroup;
			children = (
				4EAD7F4B2987001C00B2D0B2 /* NewsEntity.swift */,
			);
			path = Entities;
			sourceTree = "<group>";
		};
		4EAD7F512987005400B2D0B2 /* Features */ = {
			isa = PBXGroup;
			children = (
				4EAD7F532987006B00B2D0B2 /* NewsDetail */,
				4EAD7F522987005E00B2D0B2 /* Home */,
			);
			path = Features;
			sourceTree = "<group>";
		};
		4EAD7F522987005E00B2D0B2 /* Home */ = {
			isa = PBXGroup;
			children = (
				4EAD7F3A2986FC5E00B2D0B2 /* Data */,
				4EAD7F3B2986FC6700B2D0B2 /* Domain */,
				4EAD7F56298700A500B2D0B2 /* Presentation */,
			);
			path = Home;
			sourceTree = "<group>";
		};
		4EAD7F532987006B00B2D0B2 /* NewsDetail */ = {
			isa = PBXGroup;
			children = (
			);
			path = NewsDetail;
			sourceTree = "<group>";
		};
		4EAD7F552987007C00B2D0B2 /* Controller */ = {
			isa = PBXGroup;
			children = (
				4EAD7F59298701DB00B2D0B2 /* NewsController.swift */,
			);
			path = Controller;
			sourceTree = "<group>";
		};
		4EAD7F56298700A500B2D0B2 /* Presentation */ = {
			isa = PBXGroup;
			children = (
				4EAD7F552987007C00B2D0B2 /* Controller */,
				4EAD7F5B29870C8B00B2D0B2 /* View */,
			);
			path = Presentation;
			sourceTree = "<group>";
		};
		4EAD7F5B29870C8B00B2D0B2 /* View */ = {
			isa = PBXGroup;
			children = (
				4EAD7F57298700B700B2D0B2 /* HomeView.swift */,
			);
			path = View;
			sourceTree = "<group>";
		};
/* End PBXGroup section */

/* Begin PBXNativeTarget section */
		4EAD7F272986FC1C00B2D0B2 /* CleanArchitecture */ = {
			isa = PBXNativeTarget;
			buildConfigurationList = 4EAD7F362986FC1C00B2D0B2 /* Build configuration list for PBXNativeTarget "CleanArchitecture" */;
			buildPhases = (
				4EAD7F242986FC1C00B2D0B2 /* Sources */,
				4EAD7F252986FC1C00B2D0B2 /* Frameworks */,
				4EAD7F262986FC1C00B2D0B2 /* Resources */,
			);
			buildRules = (
			);
			dependencies = (
			);
			name = CleanArchitecture;
			productName = CleanArchitecture;
			productReference = 4EAD7F282986FC1C00B2D0B2 /* CleanArchitecture.app */;
			productType = "com.apple.product-type.application";
		};
/* End PBXNativeTarget section */

/* Begin PBXProject section */
		4EAD7F202986FC1C00B2D0B2 /* Project object */ = {
			isa = PBXProject;
			attributes = {
				BuildIndependentTargetsInParallel = 1;
				LastSwiftUpdateCheck = 1410;
				LastUpgradeCheck = 1410;
				TargetAttributes = {
					4EAD7F272986FC1C00B2D0B2 = {
						CreatedOnToolsVersion = 14.1;
					};
				};
			};
			buildConfigurationList = 4EAD7F232986FC1C00B2D0B2 /* Build configuration list for PBXProject "CleanArchitecture" */;
			compatibilityVersion = "Xcode 14.0";
			developmentRegion = en;
			hasScannedForEncodings = 0;
			knownRegions = (
				en,
				Base,
			);
			mainGroup = 4EAD7F1F2986FC1C00B2D0B2;
			productRefGroup = 4EAD7F292986FC1C00B2D0B2 /* Products */;
			projectDirPath = "";
			projectRoot = "";
			targets = (
				4EAD7F272986FC1C00B2D0B2 /* CleanArchitecture */,
			);
		};
/* End PBXProject section */

/* Begin PBXResourcesBuildPhase section */
		4EAD7F262986FC1C00B2D0B2 /* Resources */ = {
			isa = PBXResourcesBuildPhase;
			buildActionMask = 2147483647;
			files = (
				4EAD7F332986FC1C00B2D0B2 /* Preview Assets.xcassets in Resources */,
				4EAD7F302986FC1C00B2D0B2 /* Assets.xcassets in Resources */,
			);
			runOnlyForDeploymentPostprocessing = 0;
		};
/* End PBXResourcesBuildPhase section */

/* Begin PBXSourcesBuildPhase section */
		4EAD7F242986FC1C00B2D0B2 /* Sources */ = {
			isa = PBXSourcesBuildPhase;
			buildActionMask = 2147483647;
			files = (
				4EAD7F502987003E00B2D0B2 /* NewsUsecase.swift in Sources */,
				4EAD7F5A298701DB00B2D0B2 /* NewsController.swift in Sources */,
				4EAD7F4C2987001C00B2D0B2 /* NewsEntity.swift in Sources */,
				4EAD7F442986FE3700B2D0B2 /* NewsService.swift in Sources */,
				4EAD7F58298700B700B2D0B2 /* HomeView.swift in Sources */,
				4EAD7F472986FFCA00B2D0B2 /* Components.swift in Sources */,
				4EAD7F3D2986FCA900B2D0B2 /* NewsModel.swift in Sources */,
				4EAD7F4E2987002E00B2D0B2 /* NewsRepository.swift in Sources */,
				4EAD7F2E2986FC1C00B2D0B2 /* ContentView.swift in Sources */,
				4EAD7F412986FCFD00B2D0B2 /* NewsServiceImp.swift in Sources */,
				4EAD7F2C2986FC1C00B2D0B2 /* CleanArchitectureApp.swift in Sources */,
			);
			runOnlyForDeploymentPostprocessing = 0;
		};
/* End PBXSourcesBuildPhase section */

/* Begin XCBuildConfiguration section */
		4EAD7F342986FC1C00B2D0B2 /* Debug */ = {
			isa = XCBuildConfiguration;
			buildSettings = {
				ALWAYS_SEARCH_USER_PATHS = NO;
				CLANG_ANALYZER_NONNULL = YES;
				CLANG_ANALYZER_NUMBER_OBJECT_CONVERSION = YES_AGGRESSIVE;
				CLANG_CXX_LANGUAGE_STANDARD = "gnu++20";
				CLANG_ENABLE_MODULES = YES;
				CLANG_ENABLE_OBJC_ARC = YES;
				CLANG_ENABLE_OBJC_WEAK = YES;
				CLANG_WARN_BLOCK_CAPTURE_AUTORELEASING = YES;
				CLANG_WARN_BOOL_CONVERSION = YES;
				CLANG_WARN_COMMA = YES;
				CLANG_WARN_CONSTANT_CONVERSION = YES;
				CLANG_WARN_DEPRECATED_OBJC_IMPLEMENTATIONS = YES;
				CLANG_WARN_DIRECT_OBJC_ISA_USAGE = YES_ERROR;
				CLANG_WARN_DOCUMENTATION_COMMENTS = YES;
				CLANG_WARN_EMPTY_BODY = YES;
				CLANG_WARN_ENUM_CONVERSION = YES;
				CLANG_WARN_INFINITE_RECURSION = YES;
				CLANG_WARN_INT_CONVERSION = YES;
				CLANG_WARN_NON_LITERAL_NULL_CONVERSION = YES;
				CLANG_WARN_OBJC_IMPLICIT_RETAIN_SELF = YES;
				CLANG_WARN_OBJC_LITERAL_CONVERSION = YES;
				CLANG_WARN_OBJC_ROOT_CLASS = YES_ERROR;
				CLANG_WARN_QUOTED_INCLUDE_IN_FRAMEWORK_HEADER = YES;
				CLANG_WARN_RANGE_LOOP_ANALYSIS = YES;
				CLANG_WARN_STRICT_PROTOTYPES = YES;
				CLANG_WARN_SUSPICIOUS_MOVE = YES;
				CLANG_WARN_UNGUARDED_AVAILABILITY = YES_AGGRESSIVE;
				CLANG_WARN_UNREACHABLE_CODE = YES;
				CLANG_WARN__DUPLICATE_METHOD_MATCH = YES;
				COPY_PHASE_STRIP = NO;
				DEBUG_INFORMATION_FORMAT = dwarf;
				ENABLE_STRICT_OBJC_MSGSEND = YES;
				ENABLE_TESTABILITY = YES;
				GCC_C_LANGUAGE_STANDARD = gnu11;
				GCC_DYNAMIC_NO_PIC = NO;
				GCC_NO_COMMON_BLOCKS = YES;
				GCC_OPTIMIZATION_LEVEL = 0;
				GCC_PREPROCESSOR_DEFINITIONS = (
					"DEBUG=1",
					"$(inherited)",
				);
				GCC_WARN_64_TO_32_BIT_CONVERSION = YES;
				GCC_WARN_ABOUT_RETURN_TYPE = YES_ERROR;
				GCC_WARN_UNDECLARED_SELECTOR = YES;
				GCC_WARN_UNINITIALIZED_AUTOS = YES_AGGRESSIVE;
				GCC_WARN_UNUSED_FUNCTION = YES;
				GCC_WARN_UNUSED_VARIABLE = YES;
				IPHONEOS_DEPLOYMENT_TARGET = 16.1;
				MTL_ENABLE_DEBUG_INFO = INCLUDE_SOURCE;
				MTL_FAST_MATH = YES;
				ONLY_ACTIVE_ARCH = YES;
				SDKROOT = iphoneos;
				SWIFT_ACTIVE_COMPILATION_CONDITIONS = DEBUG;
				SWIFT_OPTIMIZATION_LEVEL = "-Onone";
			};
			name = Debug;
		};
		4EAD7F352986FC1C00B2D0B2 /* Release */ = {
			isa = XCBuildConfiguration;
			buildSettings = {
				ALWAYS_SEARCH_USER_PATHS = NO;
				CLANG_ANALYZER_NONNULL = YES;
				CLANG_ANALYZER_NUMBER_OBJECT_CONVERSION = YES_AGGRESSIVE;
				CLANG_CXX_LANGUAGE_STANDARD = "gnu++20";
				CLANG_ENABLE_MODULES = YES;
				CLANG_ENABLE_OBJC_ARC = YES;
				CLANG_ENABLE_OBJC_WEAK = YES;
				CLANG_WARN_BLOCK_CAPTURE_AUTORELEASING = YES;
				CLANG_WARN_BOOL_CONVERSION = YES;
				CLANG_WARN_COMMA = YES;
				CLANG_WARN_CONSTANT_CONVERSION = YES;
				CLANG_WARN_DEPRECATED_OBJC_IMPLEMENTATIONS = YES;
				CLANG_WARN_DIRECT_OBJC_ISA_USAGE = YES_ERROR;
				CLANG_WARN_DOCUMENTATION_COMMENTS = YES;
				CLANG_WARN_EMPTY_BODY = YES;
				CLANG_WARN_ENUM_CONVERSION = YES;
				CLANG_WARN_INFINITE_RECURSION = YES;
				CLANG_WARN_INT_CONVERSION = YES;
				CLANG_WARN_NON_LITERAL_NULL_CONVERSION = YES;
				CLANG_WARN_OBJC_IMPLICIT_RETAIN_SELF = YES;
				CLANG_WARN_OBJC_LITERAL_CONVERSION = YES;
				CLANG_WARN_OBJC_ROOT_CLASS = YES_ERROR;
				CLANG_WARN_QUOTED_INCLUDE_IN_FRAMEWORK_HEADER = YES;
				CLANG_WARN_RANGE_LOOP_ANALYSIS = YES;
				CLANG_WARN_STRICT_PROTOTYPES = YES;
				CLANG_WARN_SUSPICIOUS_MOVE = YES;
				CLANG_WARN_UNGUARDED_AVAILABILITY = YES_AGGRESSIVE;
				CLANG_WARN_UNREACHABLE_CODE = YES;
				CLANG_WARN__DUPLICATE_METHOD_MATCH = YES;
				COPY_PHASE_STRIP = NO;
				DEBUG_INFORMATION_FORMAT = "dwarf-with-dsym";
				ENABLE_NS_ASSERTIONS = NO;
				ENABLE_STRICT_OBJC_MSGSEND = YES;
				GCC_C_LANGUAGE_STANDARD = gnu11;
				GCC_NO_COMMON_BLOCKS = YES;
				GCC_WARN_64_TO_32_BIT_CONVERSION = YES;
				GCC_WARN_ABOUT_RETURN_TYPE = YES_ERROR;
				GCC_WARN_UNDECLARED_SELECTOR = YES;
				GCC_WARN_UNINITIALIZED_AUTOS = YES_AGGRESSIVE;
				GCC_WARN_UNUSED_FUNCTION = YES;
				GCC_WARN_UNUSED_VARIABLE = YES;
				IPHONEOS_DEPLOYMENT_TARGET = 16.1;
				MTL_ENABLE_DEBUG_INFO = NO;
				MTL_FAST_MATH = YES;
				SDKROOT = iphoneos;
				SWIFT_COMPILATION_MODE = wholemodule;
				SWIFT_OPTIMIZATION_LEVEL = "-O";
				VALIDATE_PRODUCT = YES;
			};
			name = Release;
		};
		4EAD7F372986FC1C00B2D0B2 /* Debug */ = {
			isa = XCBuildConfiguration;
			buildSettings = {
				ASSETCATALOG_COMPILER_APPICON_NAME = AppIcon;
				ASSETCATALOG_COMPILER_GLOBAL_ACCENT_COLOR_NAME = AccentColor;
				CODE_SIGN_STYLE = Automatic;
				CURRENT_PROJECT_VERSION = 1;
				DEVELOPMENT_ASSET_PATHS = "\"CleanArchitecture/Preview Content\"";
				DEVELOPMENT_TEAM = QDN577XM3W;
				ENABLE_PREVIEWS = YES;
				GENERATE_INFOPLIST_FILE = YES;
				INFOPLIST_KEY_UIApplicationSceneManifest_Generation = YES;
				INFOPLIST_KEY_UIApplicationSupportsIndirectInputEvents = YES;
				INFOPLIST_KEY_UILaunchScreen_Generation = YES;
				INFOPLIST_KEY_UISupportedInterfaceOrientations_iPad = "UIInterfaceOrientationPortrait UIInterfaceOrientationPortraitUpsideDown UIInterfaceOrientationLandscapeLeft UIInterfaceOrientationLandscapeRight";
				INFOPLIST_KEY_UISupportedInterfaceOrientations_iPhone = "UIInterfaceOrientationPortrait UIInterfaceOrientationLandscapeLeft UIInterfaceOrientationLandscapeRight";
				LD_RUNPATH_SEARCH_PATHS = (
					"$(inherited)",
					"@executable_path/Frameworks",
				);
				MARKETING_VERSION = 1.0;
				PRODUCT_BUNDLE_IDENTIFIER = "Clean-Architecture-Implementation.CleanArchitecture";
				PRODUCT_NAME = "$(TARGET_NAME)";
				SWIFT_EMIT_LOC_STRINGS = YES;
				SWIFT_VERSION = 5.0;
				TARGETED_DEVICE_FAMILY = "1,2";
			};
			name = Debug;
		};
		4EAD7F382986FC1C00B2D0B2 /* Release */ = {
			isa = XCBuildConfiguration;
			buildSettings = {
				ASSETCATALOG_COMPILER_APPICON_NAME = AppIcon;
				ASSETCATALOG_COMPILER_GLOBAL_ACCENT_COLOR_NAME = AccentColor;
				CODE_SIGN_STYLE = Automatic;
				CURRENT_PROJECT_VERSION = 1;
				DEVELOPMENT_ASSET_PATHS = "\"CleanArchitecture/Preview Content\"";
				DEVELOPMENT_TEAM = QDN577XM3W;
				ENABLE_PREVIEWS = YES;
				GENERATE_INFOPLIST_FILE = YES;
				INFOPLIST_KEY_UIApplicationSceneManifest_Generation = YES;
				INFOPLIST_KEY_UIApplicationSupportsIndirectInputEvents = YES;
				INFOPLIST_KEY_UILaunchScreen_Generation = YES;
				INFOPLIST_KEY_UISupportedInterfaceOrientations_iPad = "UIInterfaceOrientationPortrait UIInterfaceOrientationPortraitUpsideDown UIInterfaceOrientationLandscapeLeft UIInterfaceOrientationLandscapeRight";
				INFOPLIST_KEY_UISupportedInterfaceOrientations_iPhone = "UIInterfaceOrientationPortrait UIInterfaceOrientationLandscapeLeft UIInterfaceOrientationLandscapeRight";
				LD_RUNPATH_SEARCH_PATHS = (
					"$(inherited)",
					"@executable_path/Frameworks",
				);
				MARKETING_VERSION = 1.0;
				PRODUCT_BUNDLE_IDENTIFIER = "Clean-Architecture-Implementation.CleanArchitecture";
				PRODUCT_NAME = "$(TARGET_NAME)";
				SWIFT_EMIT_LOC_STRINGS = YES;
				SWIFT_VERSION = 5.0;
				TARGETED_DEVICE_FAMILY = "1,2";
			};
			name = Release;
		};
/* End XCBuildConfiguration section */

/* Begin XCConfigurationList section */
		4EAD7F232986FC1C00B2D0B2 /* Build configuration list for PBXProject "CleanArchitecture" */ = {
			isa = XCConfigurationList;
			buildConfigurations = (
				4EAD7F342986FC1C00B2D0B2 /* Debug */,
				4EAD7F352986FC1C00B2D0B2 /* Release */,
			);
			defaultConfigurationIsVisible = 0;
			defaultConfigurationName = Release;
		};
		4EAD7F362986FC1C00B2D0B2 /* Build configuration list for PBXNativeTarget "CleanArchitecture" */ = {
			isa = XCConfigurationList;
			buildConfigurations = (
				4EAD7F372986FC1C00B2D0B2 /* Debug */,
				4EAD7F382986FC1C00B2D0B2 /* Release */,
			);
			defaultConfigurationIsVisible = 0;
			defaultConfigurationName = Release;
		};
/* End XCConfigurationList section */
	};
	rootObject = 4EAD7F202986FC1C00B2D0B2 /* Project object */;
}
